
Microsoft Visual Studio Solution File, Format Version 12.00
# Visual Studio Version 16
VisualStudioVersion = 16.0.36324.18
MinimumVisualStudioVersion = 10.0.40219.1
Project("{FAE04EC0-301F-11D3-BF4B-00C04F79EFBC}") = "DemoProject", "DemoProject\DemoProject.csproj", "{AEFCC0EA-D7EF-4F91-94D2-DAE892EC0FD3}"
EndProject
Global
	GlobalSection(SolutionConfigurationPlatforms) = preSolution
		Debug|Any CPU = Debug|Any CPU
		Release|Any CPU = Release|Any CPU
	EndGlobalSection
	GlobalSection(ProjectConfigurationPlatforms) = postSolution
		{AEFCC0EA-D7EF-4F91-94D2-DAE892EC0FD3}.Debug|Any CPU.ActiveCfg = Debug|Any CPU
		{AEFCC0EA-D7EF-4F91-94D2-DAE892EC0FD3}.Debug|Any CPU.Build.0 = Debug|Any CPU
		{AEFCC0EA-D7EF-4F91-94D2-DAE892EC0FD3}.Release|Any CPU.ActiveCfg = Release|Any CPU
		{AEFCC0EA-D7EF-4F91-94D2-DAE892EC0FD3}.Release|Any CPU.Build.0 = Release|Any CPU
	EndGlobalSection
	GlobalSection(SolutionProperties) = preSolution
		HideSolutionNode = FALSE
	EndGlobalSection
	GlobalSection(ExtensibilityGlobals) = postSolution
		SolutionGuid = {6F46BC5C-BA2B-47B7-9E6A-6FFBF7EACA58}
	EndGlobalSection
EndGlobal
